
Microsoft Visual Studio Solution File, Format Version 12.00
# Visual Studio Version 17
VisualStudioVersion = 17.8.34330.188
MinimumVisualStudioVersion = 10.0.40219.1
Project("{2150E333-8FDC-42A3-9474-1A3956D46DE8}") = "Day_4", "Day_4", "{FC7D8DB8-1952-451C-817B-9762B66D5FE5}"
EndProject
Project("{9A19103F-16F7-4668-BE54-9A1E7A4F7556}") = "4.12.2023", "..\AdventOfCode\4.12.2023\4.12.2023\4.12.2023.csproj", "{350D3198-DC29-4058-B1A5-EA8D8C64315C}"
EndProject
Project("{2150E333-8FDC-42A3-9474-1A3956D46DE8}") = "Day_6", "Day_6", "{852ADF75-D3CC-43AF-8593-B145D43CA419}"
EndProject
Project("{9A19103F-16F7-4668-BE54-9A1E7A4F7556}") = "6.12.2023", "..\AdventOfCode\6.12.2023\6.12.2023\6.12.2023.csproj", "{70828251-62FE-4B8D-882D-CE113EB62FBC}"
EndProject
Global
	GlobalSection(SolutionConfigurationPlatforms) = preSolution
		Debug|Any CPU = Debug|Any CPU
		Release|Any CPU = Release|Any CPU
	EndGlobalSection
	GlobalSection(ProjectConfigurationPlatforms) = postSolution
		{350D3198-DC29-4058-B1A5-EA8D8C64315C}.Debug|Any CPU.ActiveCfg = Debug|Any CPU
		{350D3198-DC29-4058-B1A5-EA8D8C64315C}.Debug|Any CPU.Build.0 = Debug|Any CPU
		{350D3198-DC29-4058-B1A5-EA8D8C64315C}.Release|Any CPU.ActiveCfg = Release|Any CPU
		{350D3198-DC29-4058-B1A5-EA8D8C64315C}.Release|Any CPU.Build.0 = Release|Any CPU
		{70828251-62FE-4B8D-882D-CE113EB62FBC}.Debug|Any CPU.ActiveCfg = Debug|Any CPU
		{70828251-62FE-4B8D-882D-CE113EB62FBC}.Debug|Any CPU.Build.0 = Debug|Any CPU
		{70828251-62FE-4B8D-882D-CE113EB62FBC}.Release|Any CPU.ActiveCfg = Release|Any CPU
		{70828251-62FE-4B8D-882D-CE113EB62FBC}.Release|Any CPU.Build.0 = Release|Any CPU
	EndGlobalSection
	GlobalSection(SolutionProperties) = preSolution
		HideSolutionNode = FALSE
	EndGlobalSection
	GlobalSection(NestedProjects) = preSolution
		{350D3198-DC29-4058-B1A5-EA8D8C64315C} = {FC7D8DB8-1952-451C-817B-9762B66D5FE5}
		{70828251-62FE-4B8D-882D-CE113EB62FBC} = {852ADF75-D3CC-43AF-8593-B145D43CA419}
	EndGlobalSection
	GlobalSection(ExtensibilityGlobals) = postSolution
		SolutionGuid = {50B0AFFD-8A36-412F-BB81-29B190119ECA}
	EndGlobalSection
EndGlobal
