
Microsoft Visual Studio Solution File, Format Version 12.00
# Visual Studio Version 17
VisualStudioVersion = 17.8.34330.188
MinimumVisualStudioVersion = 10.0.40219.1
Project("{2150E333-8FDC-42A3-9474-1A3956D46DE8}") = "Day_4", "Day_4", "{BA92F515-3277-411E-92DE-7439FF332D54}"
EndProject
Project("{2150E333-8FDC-42A3-9474-1A3956D46DE8}") = "Day_6", "Day_6", "{D97E66CB-5748-4F14-B062-319D004EABC7}"
EndProject
Project("{2150E333-8FDC-42A3-9474-1A3956D46DE8}") = "Day_8", "Day_8", "{A9A6F40D-E7E0-4DD9-99FE-7F8921E3E269}"
EndProject
Project("{9A19103F-16F7-4668-BE54-9A1E7A4F7556}") = "4.12.2023", "Day_4\4.12.2023.csproj", "{5E05A843-7313-4CD7-BD9A-48D095BF3D81}"
EndProject
Project("{9A19103F-16F7-4668-BE54-9A1E7A4F7556}") = "6.12.2023", "Day_6\6.12.2023.csproj", "{35333590-2094-4340-A155-0C6B7CCD79DB}"
EndProject
Project("{9A19103F-16F7-4668-BE54-9A1E7A4F7556}") = "8.12.2023", "Day_8\8.12.2023.csproj", "{2B9515C0-D3E0-4D18-AC06-D3143EA77ADD}"
EndProject
Project("{2150E333-8FDC-42A3-9474-1A3956D46DE8}") = "Day_9", "Day_9", "{1ABD6F48-1AFB-4A25-99E7-2EE0A6F39AA6}"
EndProject
Project("{9A19103F-16F7-4668-BE54-9A1E7A4F7556}") = "9.12.2023", "Day_9\9.12.2023.csproj", "{AC8384BE-1B37-4011-9184-F0330FFFFBFC}"
EndProject
Global
	GlobalSection(SolutionConfigurationPlatforms) = preSolution
		Debug|Any CPU = Debug|Any CPU
		Release|Any CPU = Release|Any CPU
	EndGlobalSection
	GlobalSection(ProjectConfigurationPlatforms) = postSolution
		{5E05A843-7313-4CD7-BD9A-48D095BF3D81}.Debug|Any CPU.ActiveCfg = Debug|Any CPU
		{5E05A843-7313-4CD7-BD9A-48D095BF3D81}.Debug|Any CPU.Build.0 = Debug|Any CPU
		{5E05A843-7313-4CD7-BD9A-48D095BF3D81}.Release|Any CPU.ActiveCfg = Release|Any CPU
		{5E05A843-7313-4CD7-BD9A-48D095BF3D81}.Release|Any CPU.Build.0 = Release|Any CPU
		{35333590-2094-4340-A155-0C6B7CCD79DB}.Debug|Any CPU.ActiveCfg = Debug|Any CPU
		{35333590-2094-4340-A155-0C6B7CCD79DB}.Debug|Any CPU.Build.0 = Debug|Any CPU
		{35333590-2094-4340-A155-0C6B7CCD79DB}.Release|Any CPU.ActiveCfg = Release|Any CPU
		{35333590-2094-4340-A155-0C6B7CCD79DB}.Release|Any CPU.Build.0 = Release|Any CPU
		{2B9515C0-D3E0-4D18-AC06-D3143EA77ADD}.Debug|Any CPU.ActiveCfg = Debug|Any CPU
		{2B9515C0-D3E0-4D18-AC06-D3143EA77ADD}.Debug|Any CPU.Build.0 = Debug|Any CPU
		{2B9515C0-D3E0-4D18-AC06-D3143EA77ADD}.Release|Any CPU.ActiveCfg = Release|Any CPU
		{2B9515C0-D3E0-4D18-AC06-D3143EA77ADD}.Release|Any CPU.Build.0 = Release|Any CPU
		{AC8384BE-1B37-4011-9184-F0330FFFFBFC}.Debug|Any CPU.ActiveCfg = Debug|Any CPU
		{AC8384BE-1B37-4011-9184-F0330FFFFBFC}.Debug|Any CPU.Build.0 = Debug|Any CPU
		{AC8384BE-1B37-4011-9184-F0330FFFFBFC}.Release|Any CPU.ActiveCfg = Release|Any CPU
		{AC8384BE-1B37-4011-9184-F0330FFFFBFC}.Release|Any CPU.Build.0 = Release|Any CPU
	EndGlobalSection
	GlobalSection(SolutionProperties) = preSolution
		HideSolutionNode = FALSE
	EndGlobalSection
	GlobalSection(NestedProjects) = preSolution
		{5E05A843-7313-4CD7-BD9A-48D095BF3D81} = {BA92F515-3277-411E-92DE-7439FF332D54}
		{35333590-2094-4340-A155-0C6B7CCD79DB} = {D97E66CB-5748-4F14-B062-319D004EABC7}
		{2B9515C0-D3E0-4D18-AC06-D3143EA77ADD} = {A9A6F40D-E7E0-4DD9-99FE-7F8921E3E269}
		{AC8384BE-1B37-4011-9184-F0330FFFFBFC} = {1ABD6F48-1AFB-4A25-99E7-2EE0A6F39AA6}
	EndGlobalSection
	GlobalSection(ExtensibilityGlobals) = postSolution
		SolutionGuid = {50B0AFFD-8A36-412F-BB81-29B190119ECA}
	EndGlobalSection
EndGlobal
